{
  "object": {
    "pins": [
      {
        "package": "YTPageController",
        "repositoryURL": "https://github.com/iWECon/YTPageController",
        "state": {
          "branch": null,
          "revision": "d8d2adb778a1f7f5a0ef5a155faf7573007b2792",
          "version": "1.1.6"
        }
      }
    ]
  },
  "version": 1
}
