// !$*UTF8*$!
{
	archiveVersion = 1;
	classes = {
	};
	objectVersion = 52;
	objects = {

/* Begin PBXBuildFile section */
		08782FC825A5B39F00F34970 /* AppDelegate.swift in Sources */ = {isa = PBXBuildFile; fileRef = 08782FC725A5B39F00F34970 /* AppDelegate.swift */; };
		08782FCA25A5B39F00F34970 /* SceneDelegate.swift in Sources */ = {isa = PBXBuildFile; fileRef = 08782FC925A5B39F00F34970 /* SceneDelegate.swift */; };
		08782FCC25A5B39F00F34970 /* ViewController.swift in Sources */ = {isa = PBXBuildFile; fileRef = 08782FCB25A5B39F00F34970 /* ViewController.swift */; };
		08782FCF25A5B39F00F34970 /* Main.storyboard in Resources */ = {isa = PBXBuildFile; fileRef = 08782FCD25A5B39F00F34970 /* Main.storyboard */; };
		08782FD125A5B3A000F34970 /* Assets.xcassets in Resources */ = {isa = PBXBuildFile; fileRef = 08782FD025A5B3A000F34970 /* Assets.xcassets */; };
		08782FD425A5B3A000F34970 /* LaunchScreen.storyboard in Resources */ = {isa = PBXBuildFile; fileRef = 08782FD225A5B3A000F34970 /* LaunchScreen.storyboard */; };
		08782FDF25A5B3B100F34970 /* Pager.swift in Sources */ = {isa = PBXBuildFile; fileRef = 08782FDE25A5B3B100F34970 /* Pager.swift */; };
		08782FE625A5B42A00F34970 /* YTPageController in Frameworks */ = {isa = PBXBuildFile; productRef = 08782FE525A5B42A00F34970 /* YTPageController */; };
		087EAB9025B9413F00F1B606 /* Refreshable.swift in Sources */ = {isa = PBXBuildFile; fileRef = 087EAB8D25B9413E00F1B606 /* Refreshable.swift */; };
		087EAB9125B9413F00F1B606 /* Pagable.swift in Sources */ = {isa = PBXBuildFile; fileRef = 087EAB8E25B9413E00F1B606 /* Pagable.swift */; };
		087EAB9225B9413F00F1B606 /* TopScrollable.swift in Sources */ = {isa = PBXBuildFile; fileRef = 087EAB8F25B9413F00F1B606 /* TopScrollable.swift */; };
/* End PBXBuildFile section */

/* Begin PBXFileReference section */
		08782FC425A5B39F00F34970 /* Pager.app */ = {isa = PBXFileReference; explicitFileType = wrapper.application; includeInIndex = 0; path = Pager.app; sourceTree = BUILT_PRODUCTS_DIR; };
		08782FC725A5B39F00F34970 /* AppDelegate.swift */ = {isa = PBXFileReference; lastKnownFileType = sourcecode.swift; path = AppDelegate.swift; sourceTree = "<group>"; };
		08782FC925A5B39F00F34970 /* SceneDelegate.swift */ = {isa = PBXFileReference; lastKnownFileType = sourcecode.swift; path = SceneDelegate.swift; sourceTree = "<group>"; };
		08782FCB25A5B39F00F34970 /* ViewController.swift */ = {isa = PBXFileReference; lastKnownFileType = sourcecode.swift; path = ViewController.swift; sourceTree = "<group>"; };
		08782FCE25A5B39F00F34970 /* Base */ = {isa = PBXFileReference; lastKnownFileType = file.storyboard; name = Base; path = Base.lproj/Main.storyboard; sourceTree = "<group>"; };
		08782FD025A5B3A000F34970 /* Assets.xcassets */ = {isa = PBXFileReference; lastKnownFileType = folder.assetcatalog; path = Assets.xcassets; sourceTree = "<group>"; };
		08782FD325A5B3A000F34970 /* Base */ = {isa = PBXFileReference; lastKnownFileType = file.storyboard; name = Base; path = Base.lproj/LaunchScreen.storyboard; sourceTree = "<group>"; };
		08782FD525A5B3A000F34970 /* Info.plist */ = {isa = PBXFileReference; lastKnownFileType = text.plist.xml; path = Info.plist; sourceTree = "<group>"; };
		08782FDE25A5B3B100F34970 /* Pager.swift */ = {isa = PBXFileReference; fileEncoding = 4; lastKnownFileType = sourcecode.swift; path = Pager.swift; sourceTree = "<group>"; };
		087EAB8D25B9413E00F1B606 /* Refreshable.swift */ = {isa = PBXFileReference; fileEncoding = 4; lastKnownFileType = sourcecode.swift; path = Refreshable.swift; sourceTree = "<group>"; };
		087EAB8E25B9413E00F1B606 /* Pagable.swift */ = {isa = PBXFileReference; fileEncoding = 4; lastKnownFileType = sourcecode.swift; path = Pagable.swift; sourceTree = "<group>"; };
		087EAB8F25B9413F00F1B606 /* TopScrollable.swift */ = {isa = PBXFileReference; fileEncoding = 4; lastKnownFileType = sourcecode.swift; path = TopScrollable.swift; sourceTree = "<group>"; };
/* End PBXFileReference section */

/* Begin PBXFrameworksBuildPhase section */
		08782FC125A5B39F00F34970 /* Frameworks */ = {
			isa = PBXFrameworksBuildPhase;
			buildActionMask = 2147483647;
			files = (
				08782FE625A5B42A00F34970 /* YTPageController in Frameworks */,
			);
			runOnlyForDeploymentPostprocessing = 0;
		};
/* End PBXFrameworksBuildPhase section */

/* Begin PBXGroup section */
		08782FBB25A5B39F00F34970 = {
			isa = PBXGroup;
			children = (
				08782FDC25A5B3B100F34970 /* Sources */,
				08782FC625A5B39F00F34970 /* Pager */,
				08782FC525A5B39F00F34970 /* Products */,
			);
			sourceTree = "<group>";
		};
		08782FC525A5B39F00F34970 /* Products */ = {
			isa = PBXGroup;
			children = (
				08782FC425A5B39F00F34970 /* Pager.app */,
			);
			name = Products;
			sourceTree = "<group>";
		};
		08782FC625A5B39F00F34970 /* Pager */ = {
			isa = PBXGroup;
			children = (
				08782FC725A5B39F00F34970 /* AppDelegate.swift */,
				08782FC925A5B39F00F34970 /* SceneDelegate.swift */,
				08782FCB25A5B39F00F34970 /* ViewController.swift */,
				08782FCD25A5B39F00F34970 /* Main.storyboard */,
				08782FD025A5B3A000F34970 /* Assets.xcassets */,
				08782FD225A5B3A000F34970 /* LaunchScreen.storyboard */,
				08782FD525A5B3A000F34970 /* Info.plist */,
			);
			path = Pager;
			sourceTree = "<group>";
		};
		08782FDC25A5B3B100F34970 /* Sources */ = {
			isa = PBXGroup;
			children = (
				08782FDD25A5B3B100F34970 /* Pager */,
			);
			name = Sources;
			path = ../Sources;
			sourceTree = "<group>";
		};
		08782FDD25A5B3B100F34970 /* Pager */ = {
			isa = PBXGroup;
			children = (
				08782FDE25A5B3B100F34970 /* Pager.swift */,
				087EAB8E25B9413E00F1B606 /* Pagable.swift */,
				087EAB8D25B9413E00F1B606 /* Refreshable.swift */,
				087EAB8F25B9413F00F1B606 /* TopScrollable.swift */,
			);
			path = Pager;
			sourceTree = "<group>";
		};
/* End PBXGroup section */

/* Begin PBXNativeTarget section */
		08782FC325A5B39F00F34970 /* Pager */ = {
			isa = PBXNativeTarget;
			buildConfigurationList = 08782FD825A5B3A000F34970 /* Build configuration list for PBXNativeTarget "Pager" */;
			buildPhases = (
				08782FC025A5B39F00F34970 /* Sources */,
				08782FC125A5B39F00F34970 /* Frameworks */,
				08782FC225A5B39F00F34970 /* Resources */,
			);
			buildRules = (
			);
			dependencies = (
			);
			name = Pager;
			packageProductDependencies = (
				08782FE525A5B42A00F34970 /* YTPageController */,
			);
			productName = Pager;
			productReference = 08782FC425A5B39F00F34970 /* Pager.app */;
			productType = "com.apple.product-type.application";
		};
/* End PBXNativeTarget section */

/* Begin PBXProject section */
		08782FBC25A5B39F00F34970 /* Project object */ = {
			isa = PBXProject;
			attributes = {
				LastSwiftUpdateCheck = 1230;
				LastUpgradeCheck = 1230;
				TargetAttributes = {
					08782FC325A5B39F00F34970 = {
						CreatedOnToolsVersion = 12.3;
					};
				};
			};
			buildConfigurationList = 08782FBF25A5B39F00F34970 /* Build configuration list for PBXProject "Pager" */;
			compatibilityVersion = "Xcode 9.3";
			developmentRegion = en;
			hasScannedForEncodings = 0;
			knownRegions = (
				en,
				Base,
			);
			mainGroup = 08782FBB25A5B39F00F34970;
			packageReferences = (
				08782FE425A5B42A00F34970 /* XCRemoteSwiftPackageReference "YTPageController" */,
			);
			productRefGroup = 08782FC525A5B39F00F34970 /* Products */;
			projectDirPath = "";
			projectRoot = "";
			targets = (
				08782FC325A5B39F00F34970 /* Pager */,
			);
		};
/* End PBXProject section */

/* Begin PBXResourcesBuildPhase section */
		08782FC225A5B39F00F34970 /* Resources */ = {
			isa = PBXResourcesBuildPhase;
			buildActionMask = 2147483647;
			files = (
				08782FD425A5B3A000F34970 /* LaunchScreen.storyboard in Resources */,
				08782FD125A5B3A000F34970 /* Assets.xcassets in Resources */,
				08782FCF25A5B39F00F34970 /* Main.storyboard in Resources */,
			);
			runOnlyForDeploymentPostprocessing = 0;
		};
/* End PBXResourcesBuildPhase section */

/* Begin PBXSourcesBuildPhase section */
		08782FC025A5B39F00F34970 /* Sources */ = {
			isa = PBXSourcesBuildPhase;
			buildActionMask = 2147483647;
			files = (
				087EAB9025B9413F00F1B606 /* Refreshable.swift in Sources */,
				087EAB9225B9413F00F1B606 /* TopScrollable.swift in Sources */,
				08782FCC25A5B39F00F34970 /* ViewController.swift in Sources */,
				08782FDF25A5B3B100F34970 /* Pager.swift in Sources */,
				08782FC825A5B39F00F34970 /* AppDelegate.swift in Sources */,
				087EAB9125B9413F00F1B606 /* Pagable.swift in Sources */,
				08782FCA25A5B39F00F34970 /* SceneDelegate.swift in Sources */,
			);
			runOnlyForDeploymentPostprocessing = 0;
		};
/* End PBXSourcesBuildPhase section */

/* Begin PBXVariantGroup section */
		08782FCD25A5B39F00F34970 /* Main.storyboard */ = {
			isa = PBXVariantGroup;
			children = (
				08782FCE25A5B39F00F34970 /* Base */,
			);
			name = Main.storyboard;
			sourceTree = "<group>";
		};
		08782FD225A5B3A000F34970 /* LaunchScreen.storyboard */ = {
			isa = PBXVariantGroup;
			children = (
				08782FD325A5B3A000F34970 /* Base */,
			);
			name = LaunchScreen.storyboard;
			sourceTree = "<group>";
		};
/* End PBXVariantGroup section */

/* Begin XCBuildConfiguration section */
		08782FD625A5B3A000F34970 /* Debug */ = {
			isa = XCBuildConfiguration;
			buildSettings = {
				ALWAYS_SEARCH_USER_PATHS = NO;
				CLANG_ANALYZER_NONNULL = YES;
				CLANG_ANALYZER_NUMBER_OBJECT_CONVERSION = YES_AGGRESSIVE;
				CLANG_CXX_LANGUAGE_STANDARD = "gnu++14";
				CLANG_CXX_LIBRARY = "libc++";
				CLANG_ENABLE_MODULES = YES;
				CLANG_ENABLE_OBJC_ARC = YES;
				CLANG_ENABLE_OBJC_WEAK = YES;
				CLANG_WARN_BLOCK_CAPTURE_AUTORELEASING = YES;
				CLANG_WARN_BOOL_CONVERSION = YES;
				CLANG_WARN_COMMA = YES;
				CLANG_WARN_CONSTANT_CONVERSION = YES;
				CLANG_WARN_DEPRECATED_OBJC_IMPLEMENTATIONS = YES;
				CLANG_WARN_DIRECT_OBJC_ISA_USAGE = YES_ERROR;
				CLANG_WARN_DOCUMENTATION_COMMENTS = YES;
				CLANG_WARN_EMPTY_BODY = YES;
				CLANG_WARN_ENUM_CONVERSION = YES;
				CLANG_WARN_INFINITE_RECURSION = YES;
				CLANG_WARN_INT_CONVERSION = YES;
				CLANG_WARN_NON_LITERAL_NULL_CONVERSION = YES;
				CLANG_WARN_OBJC_IMPLICIT_RETAIN_SELF = YES;
				CLANG_WARN_OBJC_LITERAL_CONVERSION = YES;
				CLANG_WARN_OBJC_ROOT_CLASS = YES_ERROR;
				CLANG_WARN_QUOTED_INCLUDE_IN_FRAMEWORK_HEADER = YES;
				CLANG_WARN_RANGE_LOOP_ANALYSIS = YES;
				CLANG_WARN_STRICT_PROTOTYPES = YES;
				CLANG_WARN_SUSPICIOUS_MOVE = YES;
				CLANG_WARN_UNGUARDED_AVAILABILITY = YES_AGGRESSIVE;
				CLANG_WARN_UNREACHABLE_CODE = YES;
				CLANG_WARN__DUPLICATE_METHOD_MATCH = YES;
				COPY_PHASE_STRIP = NO;
				DEBUG_INFORMATION_FORMAT = dwarf;
				ENABLE_STRICT_OBJC_MSGSEND = YES;
				ENABLE_TESTABILITY = YES;
				GCC_C_LANGUAGE_STANDARD = gnu11;
				GCC_DYNAMIC_NO_PIC = NO;
				GCC_NO_COMMON_BLOCKS = YES;
				GCC_OPTIMIZATION_LEVEL = 0;
				GCC_PREPROCESSOR_DEFINITIONS = (
					"DEBUG=1",
					"$(inherited)",
				);
				GCC_WARN_64_TO_32_BIT_CONVERSION = YES;
				GCC_WARN_ABOUT_RETURN_TYPE = YES_ERROR;
				GCC_WARN_UNDECLARED_SELECTOR = YES;
				GCC_WARN_UNINITIALIZED_AUTOS = YES_AGGRESSIVE;
				GCC_WARN_UNUSED_FUNCTION = YES;
				GCC_WARN_UNUSED_VARIABLE = YES;
				IPHONEOS_DEPLOYMENT_TARGET = 14.3;
				MTL_ENABLE_DEBUG_INFO = INCLUDE_SOURCE;
				MTL_FAST_MATH = YES;
				ONLY_ACTIVE_ARCH = YES;
				SDKROOT = iphoneos;
				SWIFT_ACTIVE_COMPILATION_CONDITIONS = DEBUG;
				SWIFT_OPTIMIZATION_LEVEL = "-Onone";
			};
			name = Debug;
		};
		08782FD725A5B3A000F34970 /* Release */ = {
			isa = XCBuildConfiguration;
			buildSettings = {
				ALWAYS_SEARCH_USER_PATHS = NO;
				CLANG_ANALYZER_NONNULL = YES;
				CLANG_ANALYZER_NUMBER_OBJECT_CONVERSION = YES_AGGRESSIVE;
				CLANG_CXX_LANGUAGE_STANDARD = "gnu++14";
				CLANG_CXX_LIBRARY = "libc++";
				CLANG_ENABLE_MODULES = YES;
				CLANG_ENABLE_OBJC_ARC = YES;
				CLANG_ENABLE_OBJC_WEAK = YES;
				CLANG_WARN_BLOCK_CAPTURE_AUTORELEASING = YES;
				CLANG_WARN_BOOL_CONVERSION = YES;
				CLANG_WARN_COMMA = YES;
				CLANG_WARN_CONSTANT_CONVERSION = YES;
				CLANG_WARN_DEPRECATED_OBJC_IMPLEMENTATIONS = YES;
				CLANG_WARN_DIRECT_OBJC_ISA_USAGE = YES_ERROR;
				CLANG_WARN_DOCUMENTATION_COMMENTS = YES;
				CLANG_WARN_EMPTY_BODY = YES;
				CLANG_WARN_ENUM_CONVERSION = YES;
				CLANG_WARN_INFINITE_RECURSION = YES;
				CLANG_WARN_INT_CONVERSION = YES;
				CLANG_WARN_NON_LITERAL_NULL_CONVERSION = YES;
				CLANG_WARN_OBJC_IMPLICIT_RETAIN_SELF = YES;
				CLANG_WARN_OBJC_LITERAL_CONVERSION = YES;
				CLANG_WARN_OBJC_ROOT_CLASS = YES_ERROR;
				CLANG_WARN_QUOTED_INCLUDE_IN_FRAMEWORK_HEADER = YES;
				CLANG_WARN_RANGE_LOOP_ANALYSIS = YES;
				CLANG_WARN_STRICT_PROTOTYPES = YES;
				CLANG_WARN_SUSPICIOUS_MOVE = YES;
				CLANG_WARN_UNGUARDED_AVAILABILITY = YES_AGGRESSIVE;
				CLANG_WARN_UNREACHABLE_CODE = YES;
				CLANG_WARN__DUPLICATE_METHOD_MATCH = YES;
				COPY_PHASE_STRIP = NO;
				DEBUG_INFORMATION_FORMAT = "dwarf-with-dsym";
				ENABLE_NS_ASSERTIONS = NO;
				ENABLE_STRICT_OBJC_MSGSEND = YES;
				GCC_C_LANGUAGE_STANDARD = gnu11;
				GCC_NO_COMMON_BLOCKS = YES;
				GCC_WARN_64_TO_32_BIT_CONVERSION = YES;
				GCC_WARN_ABOUT_RETURN_TYPE = YES_ERROR;
				GCC_WARN_UNDECLARED_SELECTOR = YES;
				GCC_WARN_UNINITIALIZED_AUTOS = YES_AGGRESSIVE;
				GCC_WARN_UNUSED_FUNCTION = YES;
				GCC_WARN_UNUSED_VARIABLE = YES;
				IPHONEOS_DEPLOYMENT_TARGET = 14.3;
				MTL_ENABLE_DEBUG_INFO = NO;
				MTL_FAST_MATH = YES;
				SDKROOT = iphoneos;
				SWIFT_COMPILATION_MODE = wholemodule;
				SWIFT_OPTIMIZATION_LEVEL = "-O";
				VALIDATE_PRODUCT = YES;
			};
			name = Release;
		};
		08782FD925A5B3A000F34970 /* Debug */ = {
			isa = XCBuildConfiguration;
			buildSettings = {
				ASSETCATALOG_COMPILER_APPICON_NAME = AppIcon;
				ASSETCATALOG_COMPILER_GLOBAL_ACCENT_COLOR_NAME = AccentColor;
				CODE_SIGN_STYLE = Automatic;
				INFOPLIST_FILE = Pager/Info.plist;
				LD_RUNPATH_SEARCH_PATHS = (
					"$(inherited)",
					"@executable_path/Frameworks",
				);
				PRODUCT_BUNDLE_IDENTIFIER = cc.iwecon.Pager;
				PRODUCT_NAME = "$(TARGET_NAME)";
				SWIFT_VERSION = 5.0;
				TARGETED_DEVICE_FAMILY = "1,2";
			};
			name = Debug;
		};
		08782FDA25A5B3A000F34970 /* Release */ = {
			isa = XCBuildConfiguration;
			buildSettings = {
				ASSETCATALOG_COMPILER_APPICON_NAME = AppIcon;
				ASSETCATALOG_COMPILER_GLOBAL_ACCENT_COLOR_NAME = AccentColor;
				CODE_SIGN_STYLE = Automatic;
				INFOPLIST_FILE = Pager/Info.plist;
				LD_RUNPATH_SEARCH_PATHS = (
					"$(inherited)",
					"@executable_path/Frameworks",
				);
				PRODUCT_BUNDLE_IDENTIFIER = cc.iwecon.Pager;
				PRODUCT_NAME = "$(TARGET_NAME)";
				SWIFT_VERSION = 5.0;
				TARGETED_DEVICE_FAMILY = "1,2";
			};
			name = Release;
		};
/* End XCBuildConfiguration section */

/* Begin XCConfigurationList section */
		08782FBF25A5B39F00F34970 /* Build configuration list for PBXProject "Pager" */ = {
			isa = XCConfigurationList;
			buildConfigurations = (
				08782FD625A5B3A000F34970 /* Debug */,
				08782FD725A5B3A000F34970 /* Release */,
			);
			defaultConfigurationIsVisible = 0;
			defaultConfigurationName = Release;
		};
		08782FD825A5B3A000F34970 /* Build configuration list for PBXNativeTarget "Pager" */ = {
			isa = XCConfigurationList;
			buildConfigurations = (
				08782FD925A5B3A000F34970 /* Debug */,
				08782FDA25A5B3A000F34970 /* Release */,
			);
			defaultConfigurationIsVisible = 0;
			defaultConfigurationName = Release;
		};
/* End XCConfigurationList section */

/* Begin XCRemoteSwiftPackageReference section */
		08782FE425A5B42A00F34970 /* XCRemoteSwiftPackageReference "YTPageController" */ = {
			isa = XCRemoteSwiftPackageReference;
			repositoryURL = "https://github.com/iWECon/YTPageController";
			requirement = {
				kind = upToNextMajorVersion;
				minimumVersion = 1.1.0;
			};
		};
/* End XCRemoteSwiftPackageReference section */

/* Begin XCSwiftPackageProductDependency section */
		08782FE525A5B42A00F34970 /* YTPageController */ = {
			isa = XCSwiftPackageProductDependency;
			package = 08782FE425A5B42A00F34970 /* XCRemoteSwiftPackageReference "YTPageController" */;
			productName = YTPageController;
		};
/* End XCSwiftPackageProductDependency section */
	};
	rootObject = 08782FBC25A5B39F00F34970 /* Project object */;
}
